
Microsoft Visual Studio Solution File, Format Version 12.00
# Visual Studio Version 17
VisualStudioVersion = 17.1.32210.238
MinimumVisualStudioVersion = 10.0.40219.1
Project("{FAE04EC0-301F-11D3-BF4B-00C04F79EFBC}") = "b3", "b3\b3.csproj", "{E680527C-F480-4ACD-B2C3-69C472350313}"
EndProject
Global
	GlobalSection(SolutionConfigurationPlatforms) = preSolution
		Debug|Any CPU = Debug|Any CPU
		Release|Any CPU = Release|Any CPU
	EndGlobalSection
	GlobalSection(ProjectConfigurationPlatforms) = postSolution
		{E680527C-F480-4ACD-B2C3-69C472350313}.Debug|Any CPU.ActiveCfg = Debug|Any CPU
		{E680527C-F480-4ACD-B2C3-69C472350313}.Debug|Any CPU.Build.0 = Debug|Any CPU
		{E680527C-F480-4ACD-B2C3-69C472350313}.Release|Any CPU.ActiveCfg = Release|Any CPU
		{E680527C-F480-4ACD-B2C3-69C472350313}.Release|Any CPU.Build.0 = Release|Any CPU
	EndGlobalSection
	GlobalSection(SolutionProperties) = preSolution
		HideSolutionNode = FALSE
	EndGlobalSection
	GlobalSection(ExtensibilityGlobals) = postSolution
		SolutionGuid = {68A3051E-C453-4654-835A-0D27FFF55770}
	EndGlobalSection
EndGlobal
