
Microsoft Visual Studio Solution File, Format Version 12.00
# Visual Studio Version 17
VisualStudioVersion = 17.1.32210.238
MinimumVisualStudioVersion = 10.0.40219.1
Project("{FAE04EC0-301F-11D3-BF4B-00C04F79EFBC}") = "clock", "clock\clock.csproj", "{562E2643-6DB4-4875-AD75-5411E47BBB69}"
EndProject
Global
	GlobalSection(SolutionConfigurationPlatforms) = preSolution
		Debug|Any CPU = Debug|Any CPU
		Release|Any CPU = Release|Any CPU
	EndGlobalSection
	GlobalSection(ProjectConfigurationPlatforms) = postSolution
		{562E2643-6DB4-4875-AD75-5411E47BBB69}.Debug|Any CPU.ActiveCfg = Debug|Any CPU
		{562E2643-6DB4-4875-AD75-5411E47BBB69}.Debug|Any CPU.Build.0 = Debug|Any CPU
		{562E2643-6DB4-4875-AD75-5411E47BBB69}.Release|Any CPU.ActiveCfg = Release|Any CPU
		{562E2643-6DB4-4875-AD75-5411E47BBB69}.Release|Any CPU.Build.0 = Release|Any CPU
	EndGlobalSection
	GlobalSection(SolutionProperties) = preSolution
		HideSolutionNode = FALSE
	EndGlobalSection
	GlobalSection(ExtensibilityGlobals) = postSolution
		SolutionGuid = {266AE3DA-3DA1-4A37-9429-94DBA19E5957}
	EndGlobalSection
EndGlobal
