
Microsoft Visual Studio Solution File, Format Version 12.00
# Visual Studio Version 17
VisualStudioVersion = 17.1.32210.238
MinimumVisualStudioVersion = 10.0.40219.1
Project("{FAE04EC0-301F-11D3-BF4B-00C04F79EFBC}") = "Random", "Random\Random.csproj", "{1E39517F-B124-427D-A823-15D8EFE2B1CF}"
EndProject
Global
	GlobalSection(SolutionConfigurationPlatforms) = preSolution
		Debug|Any CPU = Debug|Any CPU
		Release|Any CPU = Release|Any CPU
	EndGlobalSection
	GlobalSection(ProjectConfigurationPlatforms) = postSolution
		{1E39517F-B124-427D-A823-15D8EFE2B1CF}.Debug|Any CPU.ActiveCfg = Debug|Any CPU
		{1E39517F-B124-427D-A823-15D8EFE2B1CF}.Debug|Any CPU.Build.0 = Debug|Any CPU
		{1E39517F-B124-427D-A823-15D8EFE2B1CF}.Release|Any CPU.ActiveCfg = Release|Any CPU
		{1E39517F-B124-427D-A823-15D8EFE2B1CF}.Release|Any CPU.Build.0 = Release|Any CPU
	EndGlobalSection
	GlobalSection(SolutionProperties) = preSolution
		HideSolutionNode = FALSE
	EndGlobalSection
	GlobalSection(ExtensibilityGlobals) = postSolution
		SolutionGuid = {3B6CC7B3-1397-4F5B-8CBB-FDEFDAF9DCBD}
	EndGlobalSection
EndGlobal
